lockfileVersion: '9.0'

settings:
  autoInstallPeers: true
  excludeLinksFromLockfile: false

importers:

  .:
    dependencies:
      elkjs:
        specifier: ^0.10.2
        version: 0.10.2
    devDependencies:
      typescript:
        specifier: ^5.9.3
        version: 5.9.3

packages:

  elkjs@0.10.2:
    resolution: {integrity: sha512-Yx3ORtbAFrXelYkAy2g0eYyVY8QG0XEmGdQXmy0eithKKjbWRfl3Xe884lfkszfBF6UKyIy4LwfcZ3AZc8oxFw==}

  typescript@5.9.3:
    resolution: {integrity: sha512-jl1vZzPDinLr9eUt3J/t7V6FgNEw9QjvBPdysz9KfQDD41fQrC2Y4vKQdiaUpFT4bXlb1RHhLpp8wtm6M5TgSw==}
    engines: {node: '>=14.17'}
    hasBin: true

snapshots:

  elkjs@0.10.2: {}

  typescript@5.9.3: {}
